
Microsoft Visual Studio Solution File, Format Version 12.00
# Visual Studio 15
VisualStudioVersion = 15.0.28307.136
MinimumVisualStudioVersion = 10.0.40219.1
Project("{888888A0-9F3D-457C-B088-3A5042F75D52}") = "Temperature_of_Steel_App", "Temperature_of_Steel_App\Temperature_of_Steel_App.pyproj", "{EB36EF57-3746-4423-B121-3004F006B8F5}"
EndProject
Global
	GlobalSection(SolutionConfigurationPlatforms) = preSolution
		Debug|Any CPU = Debug|Any CPU
		Release|Any CPU = Release|Any CPU
	EndGlobalSection
	GlobalSection(ProjectConfigurationPlatforms) = postSolution
		{EB36EF57-3746-4423-B121-3004F006B8F5}.Debug|Any CPU.ActiveCfg = Debug|Any CPU
		{EB36EF57-3746-4423-B121-3004F006B8F5}.Release|Any CPU.ActiveCfg = Release|Any CPU
	EndGlobalSection
	GlobalSection(SolutionProperties) = preSolution
		HideSolutionNode = FALSE
	EndGlobalSection
	GlobalSection(ExtensibilityGlobals) = postSolution
		SolutionGuid = {5DF18986-79DF-4D4D-B9D7-E1D6CACEFAE4}
	EndGlobalSection
EndGlobal
